
Microsoft Visual Studio Solution File, Format Version 12.00
# Visual Studio Version 17
VisualStudioVersion = 17.8.34322.80
MinimumVisualStudioVersion = 10.0.40219.1
Project("{FAE04EC0-301F-11D3-BF4B-00C04F79EFBC}") = "ROI_HR_Management", "ROI_HR_Management\ROI_HR_Management.csproj", "{ACEA71C8-1AAD-4916-BF7F-EE2EED2908EA}"
EndProject
Global
	GlobalSection(SolutionConfigurationPlatforms) = preSolution
		Debug|Any CPU = Debug|Any CPU
		Release|Any CPU = Release|Any CPU
	EndGlobalSection
	GlobalSection(ProjectConfigurationPlatforms) = postSolution
		{ACEA71C8-1AAD-4916-BF7F-EE2EED2908EA}.Debug|Any CPU.ActiveCfg = Debug|Any CPU
		{ACEA71C8-1AAD-4916-BF7F-EE2EED2908EA}.Debug|Any CPU.Build.0 = Debug|Any CPU
		{ACEA71C8-1AAD-4916-BF7F-EE2EED2908EA}.Debug|Any CPU.Deploy.0 = Debug|Any CPU
		{ACEA71C8-1AAD-4916-BF7F-EE2EED2908EA}.Release|Any CPU.ActiveCfg = Release|Any CPU
		{ACEA71C8-1AAD-4916-BF7F-EE2EED2908EA}.Release|Any CPU.Build.0 = Release|Any CPU
		{ACEA71C8-1AAD-4916-BF7F-EE2EED2908EA}.Release|Any CPU.Deploy.0 = Release|Any CPU
	EndGlobalSection
	GlobalSection(SolutionProperties) = preSolution
		HideSolutionNode = FALSE
	EndGlobalSection
	GlobalSection(ExtensibilityGlobals) = postSolution
		SolutionGuid = {B6C9DAD7-B0CB-45CC-83FB-DCD1083A605C}
	EndGlobalSection
EndGlobal
